PODS:
  - PSPhotos/AVMedia (0.3.0)
  - PSPhotos/Photos (0.3.0):
    - PSPhotos/AVMedia

DEPENDENCIES:
  - PSPhotos/AVMedia (from `../`)
  - PSPhotos/Photos (from `../`)

EXTERNAL SOURCES:
  PSPhotos:
    :path: "../"

SPEC CHECKSUMS:
  PSPhotos: dee27072651f17f795c2be2f8f149005f457ba26

PODFILE CHECKSUM: 0e40e52fc41e0cb5e56feb82a7edfc8e7d4cba29

COCOAPODS: 1.9.1
