PODS:
  - PSPhotos/AVMedia (0.2.0):
    - PSPhotos/Photos
  - PSPhotos/Photos (0.2.0)

DEPENDENCIES:
  - PSPhotos/AVMedia (from `../`)
  - PSPhotos/Photos (from `../`)

EXTERNAL SOURCES:
  PSPhotos:
    :path: "../"

SPEC CHECKSUMS:
  PSPhotos: 36b8bf831cc34000e6e0871a2206d99e0c79b9da

PODFILE CHECKSUM: 0e40e52fc41e0cb5e56feb82a7edfc8e7d4cba29

COCOAPODS: 1.9.1
