PODS:
  - FBSnapshotTestCase (2.1.4):
    - FBSnapshotTestCase/SwiftSupport (= 2.1.4)
  - FBSnapshotTestCase/Core (2.1.4)
  - FBSnapshotTestCase/SwiftSupport (2.1.4):
    - FBSnapshotTestCase/Core
  - PSPhotos (0.2.0)

DEPENDENCIES:
  - FBSnapshotTestCase
  - PSPhotos (from `../`)

SPEC REPOS:
  https://github.com/CocoaPods/Specs.git:
    - FBSnapshotTestCase

EXTERNAL SOURCES:
  PSPhotos:
    :path: "../"

SPEC CHECKSUMS:
  FBSnapshotTestCase: 094f9f314decbabe373b87cc339bea235a63e07a
  PSPhotos: 4da941e74f662fe83d71a7bc00e00a8b776525e4

PODFILE CHECKSUM: 225d2d629e4d78173b56a76693b079cb6d454218

COCOAPODS: 1.9.1
